
Microsoft Visual Studio Solution File, Format Version 12.00
# Visual Studio Version 16
VisualStudioVersion = 16.0.28922.388
MinimumVisualStudioVersion = 10.0.40219.1
Project("{888888A0-9F3D-457C-B088-3A5042F75D52}") = "GSuite Dir", "GSuite Dir.pyproj", "{D8136443-74B2-4978-A63E-979EFA58E04D}"
EndProject
Global
	GlobalSection(SolutionConfigurationPlatforms) = preSolution
		Debug|Any CPU = Debug|Any CPU
		Release|Any CPU = Release|Any CPU
	EndGlobalSection
	GlobalSection(ProjectConfigurationPlatforms) = postSolution
		{D8136443-74B2-4978-A63E-979EFA58E04D}.Debug|Any CPU.ActiveCfg = Debug|Any CPU
		{D8136443-74B2-4978-A63E-979EFA58E04D}.Release|Any CPU.ActiveCfg = Release|Any CPU
	EndGlobalSection
	GlobalSection(SolutionProperties) = preSolution
		HideSolutionNode = FALSE
	EndGlobalSection
	GlobalSection(ExtensibilityGlobals) = postSolution
		SolutionGuid = {12CD18A3-8B59-41A3-B6FA-235C0DC0253F}
	EndGlobalSection
EndGlobal
